
Microsoft Visual Studio Solution File, Format Version 12.00
# Visual Studio Version 17
VisualStudioVersion = 17.3.32819.101
MinimumVisualStudioVersion = 10.0.40219.1
Project("{FAE04EC0-301F-11D3-BF4B-00C04F79EFBC}") = "UsingRedisConsoleApp", "UsingRedisConsoleApp.csproj", "{09E0CF3B-8A13-4CF0-A368-D45DDEED7025}"
EndProject
Global
	GlobalSection(SolutionConfigurationPlatforms) = preSolution
		Debug|Any CPU = Debug|Any CPU
		Release|Any CPU = Release|Any CPU
	EndGlobalSection
	GlobalSection(ProjectConfigurationPlatforms) = postSolution
		{09E0CF3B-8A13-4CF0-A368-D45DDEED7025}.Debug|Any CPU.ActiveCfg = Debug|Any CPU
		{09E0CF3B-8A13-4CF0-A368-D45DDEED7025}.Debug|Any CPU.Build.0 = Debug|Any CPU
		{09E0CF3B-8A13-4CF0-A368-D45DDEED7025}.Release|Any CPU.ActiveCfg = Release|Any CPU
		{09E0CF3B-8A13-4CF0-A368-D45DDEED7025}.Release|Any CPU.Build.0 = Release|Any CPU
	EndGlobalSection
	GlobalSection(SolutionProperties) = preSolution
		HideSolutionNode = FALSE
	EndGlobalSection
	GlobalSection(ExtensibilityGlobals) = postSolution
		SolutionGuid = {5D8E8793-635B-46B5-9475-21D819613669}
	EndGlobalSection
EndGlobal
